
Microsoft Visual Studio Solution File, Format Version 12.00
# Visual Studio Version 16
VisualStudioVersion = 16.0.31729.503
MinimumVisualStudioVersion = 10.0.40219.1
Project("{2150E333-8FDC-42A3-9474-1A3956D46DE8}") = "src", "src", "{93E1F1F2-932D-4658-8750-676B33FE0496}"
EndProject
Project("{2150E333-8FDC-42A3-9474-1A3956D46DE8}") = "tests", "tests", "{7487509D-1FEE-42D5-8D9C-E13A3566BDB6}"
EndProject
Project("{9A19103F-16F7-4668-BE54-9A1E7A4F7556}") = "Ardalis.ApiClient", "src\Ardalis.ApiClient\Ardalis.ApiClient.csproj", "{7C8299B7-0766-453A-833C-29C295905A3A}"
EndProject
Project("{FAE04EC0-301F-11D3-BF4B-00C04F79EFBC}") = "Ardalis.ApiClient.UnitTests", "tests\Ardalis.ApiClient.UnitTests\Ardalis.ApiClient.UnitTests.csproj", "{6A6253CE-39BC-4C9D-8206-0B0279635B19}"
EndProject
Global
	GlobalSection(SolutionConfigurationPlatforms) = preSolution
		Debug|Any CPU = Debug|Any CPU
		Release|Any CPU = Release|Any CPU
	EndGlobalSection
	GlobalSection(ProjectConfigurationPlatforms) = postSolution
		{7C8299B7-0766-453A-833C-29C295905A3A}.Debug|Any CPU.ActiveCfg = Debug|Any CPU
		{7C8299B7-0766-453A-833C-29C295905A3A}.Debug|Any CPU.Build.0 = Debug|Any CPU
		{7C8299B7-0766-453A-833C-29C295905A3A}.Release|Any CPU.ActiveCfg = Release|Any CPU
		{7C8299B7-0766-453A-833C-29C295905A3A}.Release|Any CPU.Build.0 = Release|Any CPU
		{6A6253CE-39BC-4C9D-8206-0B0279635B19}.Debug|Any CPU.ActiveCfg = Debug|Any CPU
		{6A6253CE-39BC-4C9D-8206-0B0279635B19}.Debug|Any CPU.Build.0 = Debug|Any CPU
		{6A6253CE-39BC-4C9D-8206-0B0279635B19}.Release|Any CPU.ActiveCfg = Release|Any CPU
		{6A6253CE-39BC-4C9D-8206-0B0279635B19}.Release|Any CPU.Build.0 = Release|Any CPU
	EndGlobalSection
	GlobalSection(SolutionProperties) = preSolution
		HideSolutionNode = FALSE
	EndGlobalSection
	GlobalSection(NestedProjects) = preSolution
		{7C8299B7-0766-453A-833C-29C295905A3A} = {93E1F1F2-932D-4658-8750-676B33FE0496}
		{6A6253CE-39BC-4C9D-8206-0B0279635B19} = {7487509D-1FEE-42D5-8D9C-E13A3566BDB6}
	EndGlobalSection
	GlobalSection(ExtensibilityGlobals) = postSolution
		SolutionGuid = {03C7CB95-035C-459C-BE5F-F9710E462C53}
	EndGlobalSection
EndGlobal
